<?xml version="1.0" encoding="utf-8"?>
<Project ToolsVersion="4.0" xmlns="http://schemas.microsoft.com/developer/msbuild/2003">
  <ItemGroup>
    <Filter Include="src">
      <UniqueIdentifier>{4FC737F1-C7A5-4376-A066-2A32D752A2FF}</UniqueIdentifier>
      <Extensions>cu;cpp;c;cxx;def;odl;idl;hpj;bat;asm;asmx</Extensions>
    </Filter>
    <Filter Include="settings">
      <UniqueIdentifier>{1e6977d6-9a21-4a7d-b591-749e8d2b22b8}</UniqueIdentifier>
    </Filter>
    <Filter Include="header">
      <UniqueIdentifier>{073c1708-bbbb-476a-bf00-6b78c6151ccf}</UniqueIdentifier>
    </Filter>
  </ItemGroup>
  <ItemGroup>
    <None Include="bigalloc.cu">
      <Filter>src</Filter>
    </None>
    <None Include="cudapointervaluelist.cu">
      <Filter>src</Filter>
    </None>
    <None Include="cudapscan.cu">
      <Filter>src</Filter>
    </None>
    <None Include="pointerscan.cu">
      <Filter>src</Filter>
    </None>
    <None Include="pscanfileaccess.cu">
      <Filter>src</Filter>
    </None>
    <None Include="settings.nvlink">
      <Filter>settings</Filter>
    </None>
  </ItemGroup>
  <ItemGroup>
    <ClInclude Include="pscanfileaccess.h">
      <Filter>header</Filter>
    </ClInclude>
  </ItemGroup>
  <ItemGroup>
    <CustomBuild Include="bigalloc.cuh">
      <Filter>header</Filter>
    </CustomBuild>
    <CustomBuild Include="cudapointervaluelist.cuh">
      <Filter>header</Filter>
    </CustomBuild>
    <CustomBuild Include="pointerscan.cuh">
      <Filter>header</Filter>
    </CustomBuild>
  </ItemGroup>
</Project>